<?xml version="1.0" encoding="utf-8"?>
<Project ToolsVersion="4.0" xmlns="http://schemas.microsoft.com/developer/msbuild/2003">
  <ItemGroup>
    <ClCompile Include="EntryPoint.cpp" />
    <ClCompile Include="AssetBuild.cpp" />
  </ItemGroup>
  <ItemGroup>
    <ClInclude Include="AssetBuild.h" />
  </ItemGroup>
  <ItemGroup>
    <Filter Include="Scripts">
      <UniqueIdentifier>{32dd92b3-d28e-4650-88d2-0297f0e1e579}</UniqueIdentifier>
    </Filter>
  </ItemGroup>
  <ItemGroup>
    <None Include="..\..\..\Scripts\AssetBuildSystem.lua">
      <Filter>Scripts</Filter>
    </None>
  </ItemGroup>
</Project>